
Microsoft Visual Studio Solution File, Format Version 12.00
# Visual Studio Version 17
VisualStudioVersion = 17.0.31903.59
MinimumVisualStudioVersion = 10.0.40219.1
Project("{2150E333-8FDC-42A3-9474-1A3956D46DE8}") = "src", "src", "{827E0CD3-B72D-47B6-A68D-7590B98EB39B}"
EndProject
Project("{FAE04EC0-301F-11D3-BF4B-00C04F79EFBC}") = "GcodeRecovery.Core", "src\GcodeRecovery.Core\GcodeRecovery.Core.csproj", "{B3603AA8-0899-4734-916A-5943FBEFB651}"
EndProject
Project("{2150E333-8FDC-42A3-9474-1A3956D46DE8}") = "tests", "tests", "{0AB3BF05-4346-4AA6-1389-037BE0695223}"
EndProject
Project("{FAE04EC0-301F-11D3-BF4B-00C04F79EFBC}") = "GcodeRecovery.Core.Tests", "tests\GcodeRecovery.Core.Tests\GcodeRecovery.Core.Tests.csproj", "{04D8C28A-F8B4-4D4A-B36E-E6A32676A6C0}"
EndProject
Project("{FAE04EC0-301F-11D3-BF4B-00C04F79EFBC}") = "GcodeRecovery.Printers", "src\GcodeRecovery.Printers\GcodeRecovery.Printers.csproj", "{C12045F3-4B50-4D19-8C5C-2EF2BB81B346}"
EndProject
Project("{FAE04EC0-301F-11D3-BF4B-00C04F79EFBC}") = "GcodeRecovery.App", "src\GcodeRecovery.App\GcodeRecovery.App.csproj", "{8FF055CF-C56A-4798-BBED-8E95C685D528}"
EndProject
Project("{FAE04EC0-301F-11D3-BF4B-00C04F79EFBC}") = "GcodeRecovery.Telemetry", "src\GcodeRecovery.Telemetry\GcodeRecovery.Telemetry.csproj", "{0B85A29B-4591-4F57-8662-708CEB05BF98}"
EndProject
Project("{FAE04EC0-301F-11D3-BF4B-00C04F79EFBC}") = "GcodeRecovery.Server", "src\GcodeRecovery.Server\GcodeRecovery.Server.csproj", "{99EE05DA-ED6B-4C79-8F6C-50F431F33430}"
EndProject
Project("{FAE04EC0-301F-11D3-BF4B-00C04F79EFBC}") = "GcodeRecovery.Server.Tests", "tests\GcodeRecovery.Server.Tests\GcodeRecovery.Server.Tests.csproj", "{57E188FE-0D5D-43EA-A01F-0E60A9FEC690}"
EndProject
Global
	GlobalSection(SolutionConfigurationPlatforms) = preSolution
		Debug|Any CPU = Debug|Any CPU
		Debug|x64 = Debug|x64
		Debug|x86 = Debug|x86
		Release|Any CPU = Release|Any CPU
		Release|x64 = Release|x64
		Release|x86 = Release|x86
	EndGlobalSection
	GlobalSection(ProjectConfigurationPlatforms) = postSolution
		{B3603AA8-0899-4734-916A-5943FBEFB651}.Debug|Any CPU.ActiveCfg = Debug|Any CPU
		{B3603AA8-0899-4734-916A-5943FBEFB651}.Debug|Any CPU.Build.0 = Debug|Any CPU
		{B3603AA8-0899-4734-916A-5943FBEFB651}.Debug|x64.ActiveCfg = Debug|Any CPU
		{B3603AA8-0899-4734-916A-5943FBEFB651}.Debug|x64.Build.0 = Debug|Any CPU
		{B3603AA8-0899-4734-916A-5943FBEFB651}.Debug|x86.ActiveCfg = Debug|Any CPU
		{B3603AA8-0899-4734-916A-5943FBEFB651}.Debug|x86.Build.0 = Debug|Any CPU
		{B3603AA8-0899-4734-916A-5943FBEFB651}.Release|Any CPU.ActiveCfg = Release|Any CPU
		{B3603AA8-0899-4734-916A-5943FBEFB651}.Release|Any CPU.Build.0 = Release|Any CPU
		{B3603AA8-0899-4734-916A-5943FBEFB651}.Release|x64.ActiveCfg = Release|Any CPU
		{B3603AA8-0899-4734-916A-5943FBEFB651}.Release|x64.Build.0 = Release|Any CPU
		{B3603AA8-0899-4734-916A-5943FBEFB651}.Release|x86.ActiveCfg = Release|Any CPU
		{B3603AA8-0899-4734-916A-5943FBEFB651}.Release|x86.Build.0 = Release|Any CPU
		{04D8C28A-F8B4-4D4A-B36E-E6A32676A6C0}.Debug|Any CPU.ActiveCfg = Debug|Any CPU
		{04D8C28A-F8B4-4D4A-B36E-E6A32676A6C0}.Debug|Any CPU.Build.0 = Debug|Any CPU
		{04D8C28A-F8B4-4D4A-B36E-E6A32676A6C0}.Debug|x64.ActiveCfg = Debug|Any CPU
		{04D8C28A-F8B4-4D4A-B36E-E6A32676A6C0}.Debug|x64.Build.0 = Debug|Any CPU
		{04D8C28A-F8B4-4D4A-B36E-E6A32676A6C0}.Debug|x86.ActiveCfg = Debug|Any CPU
		{04D8C28A-F8B4-4D4A-B36E-E6A32676A6C0}.Debug|x86.Build.0 = Debug|Any CPU
		{04D8C28A-F8B4-4D4A-B36E-E6A32676A6C0}.Release|Any CPU.ActiveCfg = Release|Any CPU
		{04D8C28A-F8B4-4D4A-B36E-E6A32676A6C0}.Release|Any CPU.Build.0 = Release|Any CPU
		{04D8C28A-F8B4-4D4A-B36E-E6A32676A6C0}.Release|x64.ActiveCfg = Release|Any CPU
		{04D8C28A-F8B4-4D4A-B36E-E6A32676A6C0}.Release|x64.Build.0 = Release|Any CPU
		{04D8C28A-F8B4-4D4A-B36E-E6A32676A6C0}.Release|x86.ActiveCfg = Release|Any CPU
		{04D8C28A-F8B4-4D4A-B36E-E6A32676A6C0}.Release|x86.Build.0 = Release|Any CPU
		{C12045F3-4B50-4D19-8C5C-2EF2BB81B346}.Debug|Any CPU.ActiveCfg = Debug|Any CPU
		{C12045F3-4B50-4D19-8C5C-2EF2BB81B346}.Debug|Any CPU.Build.0 = Debug|Any CPU
		{C12045F3-4B50-4D19-8C5C-2EF2BB81B346}.Debug|x64.ActiveCfg = Debug|Any CPU
		{C12045F3-4B50-4D19-8C5C-2EF2BB81B346}.Debug|x64.Build.0 = Debug|Any CPU
		{C12045F3-4B50-4D19-8C5C-2EF2BB81B346}.Debug|x86.ActiveCfg = Debug|Any CPU
		{C12045F3-4B50-4D19-8C5C-2EF2BB81B346}.Debug|x86.Build.0 = Debug|Any CPU
		{C12045F3-4B50-4D19-8C5C-2EF2BB81B346}.Release|Any CPU.ActiveCfg = Release|Any CPU
		{C12045F3-4B50-4D19-8C5C-2EF2BB81B346}.Release|Any CPU.Build.0 = Release|Any CPU
		{C12045F3-4B50-4D19-8C5C-2EF2BB81B346}.Release|x64.ActiveCfg = Release|Any CPU
		{C12045F3-4B50-4D19-8C5C-2EF2BB81B346}.Release|x64.Build.0 = Release|Any CPU
		{C12045F3-4B50-4D19-8C5C-2EF2BB81B346}.Release|x86.ActiveCfg = Release|Any CPU
		{C12045F3-4B50-4D19-8C5C-2EF2BB81B346}.Release|x86.Build.0 = Release|Any CPU
		{8FF055CF-C56A-4798-BBED-8E95C685D528}.Debug|Any CPU.ActiveCfg = Debug|Any CPU
		{8FF055CF-C56A-4798-BBED-8E95C685D528}.Debug|Any CPU.Build.0 = Debug|Any CPU
		{8FF055CF-C56A-4798-BBED-8E95C685D528}.Debug|x64.ActiveCfg = Debug|Any CPU
		{8FF055CF-C56A-4798-BBED-8E95C685D528}.Debug|x64.Build.0 = Debug|Any CPU
		{8FF055CF-C56A-4798-BBED-8E95C685D528}.Debug|x86.ActiveCfg = Debug|Any CPU
		{8FF055CF-C56A-4798-BBED-8E95C685D528}.Debug|x86.Build.0 = Debug|Any CPU
		{8FF055CF-C56A-4798-BBED-8E95C685D528}.Release|Any CPU.ActiveCfg = Release|Any CPU
		{8FF055CF-C56A-4798-BBED-8E95C685D528}.Release|Any CPU.Build.0 = Release|Any CPU
		{8FF055CF-C56A-4798-BBED-8E95C685D528}.Release|x64.ActiveCfg = Release|Any CPU
		{8FF055CF-C56A-4798-BBED-8E95C685D528}.Release|x64.Build.0 = Release|Any CPU
		{8FF055CF-C56A-4798-BBED-8E95C685D528}.Release|x86.ActiveCfg = Release|Any CPU
		{8FF055CF-C56A-4798-BBED-8E95C685D528}.Release|x86.Build.0 = Release|Any CPU
		{0B85A29B-4591-4F57-8662-708CEB05BF98}.Debug|Any CPU.ActiveCfg = Debug|Any CPU
		{0B85A29B-4591-4F57-8662-708CEB05BF98}.Debug|Any CPU.Build.0 = Debug|Any CPU
		{0B85A29B-4591-4F57-8662-708CEB05BF98}.Debug|x64.ActiveCfg = Debug|Any CPU
		{0B85A29B-4591-4F57-8662-708CEB05BF98}.Debug|x64.Build.0 = Debug|Any CPU
		{0B85A29B-4591-4F57-8662-708CEB05BF98}.Debug|x86.ActiveCfg = Debug|Any CPU
		{0B85A29B-4591-4F57-8662-708CEB05BF98}.Debug|x86.Build.0 = Debug|Any CPU
		{0B85A29B-4591-4F57-8662-708CEB05BF98}.Release|Any CPU.ActiveCfg = Release|Any CPU
		{0B85A29B-4591-4F57-8662-708CEB05BF98}.Release|Any CPU.Build.0 = Release|Any CPU
		{0B85A29B-4591-4F57-8662-708CEB05BF98}.Release|x64.ActiveCfg = Release|Any CPU
		{0B85A29B-4591-4F57-8662-708CEB05BF98}.Release|x64.Build.0 = Release|Any CPU
		{0B85A29B-4591-4F57-8662-708CEB05BF98}.Release|x86.ActiveCfg = Release|Any CPU
		{0B85A29B-4591-4F57-8662-708CEB05BF98}.Release|x86.Build.0 = Release|Any CPU
		{99EE05DA-ED6B-4C79-8F6C-50F431F33430}.Debug|Any CPU.ActiveCfg = Debug|Any CPU
		{99EE05DA-ED6B-4C79-8F6C-50F431F33430}.Debug|Any CPU.Build.0 = Debug|Any CPU
		{99EE05DA-ED6B-4C79-8F6C-50F431F33430}.Debug|x64.ActiveCfg = Debug|Any CPU
		{99EE05DA-ED6B-4C79-8F6C-50F431F33430}.Debug|x64.Build.0 = Debug|Any CPU
		{99EE05DA-ED6B-4C79-8F6C-50F431F33430}.Debug|x86.ActiveCfg = Debug|Any CPU
		{99EE05DA-ED6B-4C79-8F6C-50F431F33430}.Debug|x86.Build.0 = Debug|Any CPU
		{99EE05DA-ED6B-4C79-8F6C-50F431F33430}.Release|Any CPU.ActiveCfg = Release|Any CPU
		{99EE05DA-ED6B-4C79-8F6C-50F431F33430}.Release|Any CPU.Build.0 = Release|Any CPU
		{99EE05DA-ED6B-4C79-8F6C-50F431F33430}.Release|x64.ActiveCfg = Release|Any CPU
		{99EE05DA-ED6B-4C79-8F6C-50F431F33430}.Release|x64.Build.0 = Release|Any CPU
		{99EE05DA-ED6B-4C79-8F6C-50F431F33430}.Release|x86.ActiveCfg = Release|Any CPU
		{99EE05DA-ED6B-4C79-8F6C-50F431F33430}.Release|x86.Build.0 = Release|Any CPU
		{57E188FE-0D5D-43EA-A01F-0E60A9FEC690}.Debug|Any CPU.ActiveCfg = Debug|Any CPU
		{57E188FE-0D5D-43EA-A01F-0E60A9FEC690}.Debug|Any CPU.Build.0 = Debug|Any CPU
		{57E188FE-0D5D-43EA-A01F-0E60A9FEC690}.Debug|x64.ActiveCfg = Debug|Any CPU
		{57E188FE-0D5D-43EA-A01F-0E60A9FEC690}.Debug|x64.Build.0 = Debug|Any CPU
		{57E188FE-0D5D-43EA-A01F-0E60A9FEC690}.Debug|x86.ActiveCfg = Debug|Any CPU
		{57E188FE-0D5D-43EA-A01F-0E60A9FEC690}.Debug|x86.Build.0 = Debug|Any CPU
		{57E188FE-0D5D-43EA-A01F-0E60A9FEC690}.Release|Any CPU.ActiveCfg = Release|Any CPU
		{57E188FE-0D5D-43EA-A01F-0E60A9FEC690}.Release|Any CPU.Build.0 = Release|Any CPU
		{57E188FE-0D5D-43EA-A01F-0E60A9FEC690}.Release|x64.ActiveCfg = Release|Any CPU
		{57E188FE-0D5D-43EA-A01F-0E60A9FEC690}.Release|x64.Build.0 = Release|Any CPU
		{57E188FE-0D5D-43EA-A01F-0E60A9FEC690}.Release|x86.ActiveCfg = Release|Any CPU
		{57E188FE-0D5D-43EA-A01F-0E60A9FEC690}.Release|x86.Build.0 = Release|Any CPU
	EndGlobalSection
	GlobalSection(SolutionProperties) = preSolution
		HideSolutionNode = FALSE
	EndGlobalSection
	GlobalSection(NestedProjects) = preSolution
		{B3603AA8-0899-4734-916A-5943FBEFB651} = {827E0CD3-B72D-47B6-A68D-7590B98EB39B}
		{04D8C28A-F8B4-4D4A-B36E-E6A32676A6C0} = {0AB3BF05-4346-4AA6-1389-037BE0695223}
		{C12045F3-4B50-4D19-8C5C-2EF2BB81B346} = {827E0CD3-B72D-47B6-A68D-7590B98EB39B}
		{8FF055CF-C56A-4798-BBED-8E95C685D528} = {827E0CD3-B72D-47B6-A68D-7590B98EB39B}
		{0B85A29B-4591-4F57-8662-708CEB05BF98} = {827E0CD3-B72D-47B6-A68D-7590B98EB39B}
		{99EE05DA-ED6B-4C79-8F6C-50F431F33430} = {827E0CD3-B72D-47B6-A68D-7590B98EB39B}
		{57E188FE-0D5D-43EA-A01F-0E60A9FEC690} = {0AB3BF05-4346-4AA6-1389-037BE0695223}
	EndGlobalSection
EndGlobal
